{
  "name": "nodejs-sandbox",
  "version": "1.0.0",
  "lockfileVersion": 3,
  "requires": true,
  "packages": {
    "": {
      "name": "nodejs-sandbox",
      "version": "1.0.0",
      "license": "MIT",
      "dependencies": {
        "@solana-program/compute-budget": "^0.5.1",
        "@solana-program/system": "^0.5.1",
        "@solana/promises": "^2.0.0-rc.1",
        "@solana/rpc-transformers": "^2.0.0-rc.1",
        "@solana/web3.js": "^2.0.0-rc.1"
      },
      "devDependencies": {
        "@types/node": "^20.11.16",
        "nodemon": "^3.0.3",
        "typescript": "^5.6.2"
      }
    },
    "node_modules/@solana-program/compute-budget": {
      "version": "0.5.1",
      "resolved": "https://registry.npmjs.org/@solana-program/compute-budget/-/compute-budget-0.5.1.tgz",
      "integrity": "sha512-k4SUyMWbZbV9O3u6gzOsoudRmbHZCkBZx8Qd5Lpjl+MpVWMHiQsFdDWR0X5XBDD1mZOu6e2dRrjjaPRPUbSyNg==",
      "license": "Apache-2.0",
      "peerDependencies": {
        "@solana/web3.js": "2.0.0-rc.1"
      }
    },
    "node_modules/@solana-program/system": {
      "version": "0.5.1",
      "resolved": "https://registry.npmjs.org/@solana-program/system/-/system-0.5.1.tgz",
      "integrity": "sha512-2Em32hvP6Gtn9kmouAzWZiK3si5iEctvSn5MGlF8PRd6BLQ+uXtRZFOSgoMKtRSob7vtO2XpptwW2Vvmsv7jlQ==",
      "license": "Apache-2.0",
      "peerDependencies": {
        "@solana/web3.js": "2.0.0-rc.1"
      }
    },
    "node_modules/@solana/accounts": {
      "version": "2.0.0-rc.1",
      "resolved": "https://registry.npmjs.org/@solana/accounts/-/accounts-2.0.0-rc.1.tgz",
      "integrity": "sha512-au6grz6iIgepKIbN2HUHKatFhg7mvIvdjFMDYpuEx+AGwK7vHnN5PsJqSCGQydthC2nVQwSZC9IgA5MF5wUHdw==",
      "license": "MIT",
      "dependencies": {
        "@solana/addresses": "2.0.0-rc.1",
        "@solana/codecs-core": "2.0.0-rc.1",
        "@solana/codecs-strings": "2.0.0-rc.1",
        "@solana/errors": "2.0.0-rc.1",
        "@solana/rpc-spec": "2.0.0-rc.1",
        "@solana/rpc-types": "2.0.0-rc.1"
      },
      "peerDependencies": {
        "typescript": ">=5"
      }
    },
    "node_modules/@solana/addresses": {
      "version": "2.0.0-rc.1",
      "resolved": "https://registry.npmjs.org/@solana/addresses/-/addresses-2.0.0-rc.1.tgz",
      "integrity": "sha512-g31KrLZdECjAKceShlGoYxnWDmEVklpjPs8xOtnj/HWupEk+Mds4vtmTACTAeJkWZW/3x+z0aexMtO86MKA47g==",
      "license": "MIT",
      "dependencies": {
        "@solana/assertions": "2.0.0-rc.1",
        "@solana/codecs-core": "2.0.0-rc.1",
        "@solana/codecs-strings": "2.0.0-rc.1",
        "@solana/errors": "2.0.0-rc.1"
      },
      "peerDependencies": {
        "typescript": ">=5"
      }
    },
    "node_modules/@solana/assertions": {
      "version": "2.0.0-rc.1",
      "resolved": "https://registry.npmjs.org/@solana/assertions/-/assertions-2.0.0-rc.1.tgz",
      "integrity": "sha512-dvxYCUB7ftZa5lWcsyMYLsGm204H6yVN8Q3ngluMG0rhTtScMBRklVg7Vs39ISwJOkJWJPGToaZ7DjNJ83bm1Q==",
      "license": "MIT",
      "dependencies": {
        "@solana/errors": "2.0.0-rc.1"
      },
      "peerDependencies": {
        "typescript": ">=5"
      }
    },
    "node_modules/@solana/codecs": {
      "version": "2.0.0-rc.1",
      "resolved": "https://registry.npmjs.org/@solana/codecs/-/codecs-2.0.0-rc.1.tgz",
      "integrity": "sha512-qxoR7VybNJixV51L0G1RD2boZTcxmwUWnKCaJJExQ5qNKwbpSyDdWfFJfM5JhGyKe9DnPVOZB+JHWXnpbZBqrQ==",
      "license": "MIT",
      "dependencies": {
        "@solana/codecs-core": "2.0.0-rc.1",
        "@solana/codecs-data-structures": "2.0.0-rc.1",
        "@solana/codecs-numbers": "2.0.0-rc.1",
        "@solana/codecs-strings": "2.0.0-rc.1",
        "@solana/options": "2.0.0-rc.1"
      },
      "peerDependencies": {
        "typescript": ">=5"
      }
    },
    "node_modules/@solana/codecs-core": {
      "version": "2.0.0-rc.1",
      "resolved": "https://registry.npmjs.org/@solana/codecs-core/-/codecs-core-2.0.0-rc.1.tgz",
      "integrity": "sha512-bauxqMfSs8EHD0JKESaNmNuNvkvHSuN3bbWAF5RjOfDu2PugxHrvRebmYauvSumZ3cTfQ4HJJX6PG5rN852qyQ==",
      "license": "MIT",
      "dependencies": {
        "@solana/errors": "2.0.0-rc.1"
      },
      "peerDependencies": {
        "typescript": ">=5"
      }
    },
    "node_modules/@solana/codecs-data-structures": {
      "version": "2.0.0-rc.1",
      "resolved": "https://registry.npmjs.org/@solana/codecs-data-structures/-/codecs-data-structures-2.0.0-rc.1.tgz",
      "integrity": "sha512-rinCv0RrAVJ9rE/rmaibWJQxMwC5lSaORSZuwjopSUE6T0nb/MVg6Z1siNCXhh/HFTOg0l8bNvZHgBcN/yvXog==",
      "license": "MIT",
      "dependencies": {
        "@solana/codecs-core": "2.0.0-rc.1",
        "@solana/codecs-numbers": "2.0.0-rc.1",
        "@solana/errors": "2.0.0-rc.1"
      },
      "peerDependencies": {
        "typescript": ">=5"
      }
    },
    "node_modules/@solana/codecs-numbers": {
      "version": "2.0.0-rc.1",
      "resolved": "https://registry.npmjs.org/@solana/codecs-numbers/-/codecs-numbers-2.0.0-rc.1.tgz",
      "integrity": "sha512-J5i5mOkvukXn8E3Z7sGIPxsThRCgSdgTWJDQeZvucQ9PT6Y3HiVXJ0pcWiOWAoQ3RX8e/f4I3IC+wE6pZiJzDQ==",
      "license": "MIT",
      "dependencies": {
        "@solana/codecs-core": "2.0.0-rc.1",
        "@solana/errors": "2.0.0-rc.1"
      },
      "peerDependencies": {
        "typescript": ">=5"
      }
    },
    "node_modules/@solana/codecs-strings": {
      "version": "2.0.0-rc.1",
      "resolved": "https://registry.npmjs.org/@solana/codecs-strings/-/codecs-strings-2.0.0-rc.1.tgz",
      "integrity": "sha512-9/wPhw8TbGRTt6mHC4Zz1RqOnuPTqq1Nb4EyuvpZ39GW6O2t2Q7Q0XxiB3+BdoEjwA2XgPw6e2iRfvYgqty44g==",
      "license": "MIT",
      "dependencies": {
        "@solana/codecs-core": "2.0.0-rc.1",
        "@solana/codecs-numbers": "2.0.0-rc.1",
        "@solana/errors": "2.0.0-rc.1"
      },
      "peerDependencies": {
        "fastestsmallesttextencoderdecoder": "^1.0.22",
        "typescript": ">=5"
      }
    },
    "node_modules/@solana/errors": {
      "version": "2.0.0-rc.1",
      "resolved": "https://registry.npmjs.org/@solana/errors/-/errors-2.0.0-rc.1.tgz",
      "integrity": "sha512-ejNvQ2oJ7+bcFAYWj225lyRkHnixuAeb7RQCixm+5mH4n1IA4Qya/9Bmfy5RAAHQzxK43clu3kZmL5eF9VGtYQ==",
      "license": "MIT",
      "dependencies": {
        "chalk": "^5.3.0",
        "commander": "^12.1.0"
      },
      "bin": {
        "errors": "bin/cli.mjs"
      },
      "peerDependencies": {
        "typescript": ">=5"
      }
    },
    "node_modules/@solana/fast-stable-stringify": {
      "version": "2.0.0-rc.1",
      "resolved": "https://registry.npmjs.org/@solana/fast-stable-stringify/-/fast-stable-stringify-2.0.0-rc.1.tgz",
      "integrity": "sha512-TN8JY+Sbh5NNq4TqdWil8hXKx2d84bTHvY6jfBXNjM29S0fwpUpVRHUzOkuK1mjjWFNkMpfgJfozC0TjdUbkvA==",
      "license": "MIT",
      "peerDependencies": {
        "typescript": ">=5"
      }
    },
    "node_modules/@solana/functional": {
      "version": "2.0.0-rc.1",
      "resolved": "https://registry.npmjs.org/@solana/functional/-/functional-2.0.0-rc.1.tgz",
      "integrity": "sha512-BmedS5o8HTlU8/NA22I6urJqat9QYIw0oH6rKdMMBisDwX7MtgJhe38W8iLP7QCcxoJeS4526qaD8uD62+Pheg==",
      "license": "MIT",
      "peerDependencies": {
        "typescript": ">=5"
      }
    },
    "node_modules/@solana/instructions": {
      "version": "2.0.0-rc.1",
      "resolved": "https://registry.npmjs.org/@solana/instructions/-/instructions-2.0.0-rc.1.tgz",
      "integrity": "sha512-zkfL4WBHPbkMrYsuGZc/sekPa/oALIVvVGUw/gwAervMeLZ34cWCUE6WC2uUUh+bq3OFq0/FSFhAg2YbHHDyUw==",
      "license": "MIT",
      "dependencies": {
        "@solana/errors": "2.0.0-rc.1"
      },
      "peerDependencies": {
        "typescript": ">=5"
      }
    },
    "node_modules/@solana/keys": {
      "version": "2.0.0-rc.1",
      "resolved": "https://registry.npmjs.org/@solana/keys/-/keys-2.0.0-rc.1.tgz",
      "integrity": "sha512-ls3B0KOvfdiBH3/fnEjHhicfXsLLb4zApJlSX4X8NZ+2TmTJ2Jqa+MakgAzrsxL1FJkTJ1RDboR9xx2CHQtKzw==",
      "license": "MIT",
      "dependencies": {
        "@solana/assertions": "2.0.0-rc.1",
        "@solana/codecs-core": "2.0.0-rc.1",
        "@solana/codecs-strings": "2.0.0-rc.1",
        "@solana/errors": "2.0.0-rc.1"
      },
      "peerDependencies": {
        "typescript": ">=5"
      }
    },
    "node_modules/@solana/options": {
      "version": "2.0.0-rc.1",
      "resolved": "https://registry.npmjs.org/@solana/options/-/options-2.0.0-rc.1.tgz",
      "integrity": "sha512-mLUcR9mZ3qfHlmMnREdIFPf9dpMc/Bl66tLSOOWxw4ml5xMT2ohFn7WGqoKcu/UHkT9CrC6+amEdqCNvUqI7AA==",
      "license": "MIT",
      "dependencies": {
        "@solana/codecs-core": "2.0.0-rc.1",
        "@solana/codecs-data-structures": "2.0.0-rc.1",
        "@solana/codecs-numbers": "2.0.0-rc.1",
        "@solana/codecs-strings": "2.0.0-rc.1",
        "@solana/errors": "2.0.0-rc.1"
      },
      "peerDependencies": {
        "typescript": ">=5"
      }
    },
    "node_modules/@solana/programs": {
      "version": "2.0.0-rc.1",
      "resolved": "https://registry.npmjs.org/@solana/programs/-/programs-2.0.0-rc.1.tgz",
      "integrity": "sha512-wF49DychwSz3sVmTF51R6DTHBGMP7Uhe7EdmCNu+Ef9EgKBJZFfrViOD6M8Q0b3WH//TV63HNlX/2QmHtJjQHg==",
      "license": "MIT",
      "dependencies": {
        "@solana/addresses": "2.0.0-rc.1",
        "@solana/errors": "2.0.0-rc.1"
      },
      "peerDependencies": {
        "typescript": ">=5"
      }
    },
    "node_modules/@solana/promises": {
      "version": "2.0.0-rc.1",
      "resolved": "https://registry.npmjs.org/@solana/promises/-/promises-2.0.0-rc.1.tgz",
      "integrity": "sha512-iIaC52Ka+omGabGn2LHOSgEm9N2gI7Iyik6LE3DDxZ4MuYmGcJ4E315XuE/UVXWnc9qOfOjgtSaaOYhde0vyrQ==",
      "license": "MIT",
      "peerDependencies": {
        "typescript": ">=5"
      }
    },
    "node_modules/@solana/rpc": {
      "version": "2.0.0-rc.1",
      "resolved": "https://registry.npmjs.org/@solana/rpc/-/rpc-2.0.0-rc.1.tgz",
      "integrity": "sha512-upqR/Ae5syzQDZkffTdU/09k1Vx073Gt4xkkpcWaTBmW0obVhrlvJvH2k5jrOQ13BZd2NVg1MWMEOBcy3+nJjQ==",
      "license": "MIT",
      "dependencies": {
        "@solana/errors": "2.0.0-rc.1",
        "@solana/fast-stable-stringify": "2.0.0-rc.1",
        "@solana/functional": "2.0.0-rc.1",
        "@solana/rpc-api": "2.0.0-rc.1",
        "@solana/rpc-spec": "2.0.0-rc.1",
        "@solana/rpc-transformers": "2.0.0-rc.1",
        "@solana/rpc-transport-http": "2.0.0-rc.1",
        "@solana/rpc-types": "2.0.0-rc.1"
      },
      "peerDependencies": {
        "typescript": ">=5"
      }
    },
    "node_modules/@solana/rpc-api": {
      "version": "2.0.0-rc.1",
      "resolved": "https://registry.npmjs.org/@solana/rpc-api/-/rpc-api-2.0.0-rc.1.tgz",
      "integrity": "sha512-pg/w+0pgj3msBCC/hkZa9/qZHRdqh7MLsHMJInXnenO+Rzj6IyE47Ig6rt6GuI4OxYy+1d714jcPXVMA8p2YWw==",
      "license": "MIT",
      "dependencies": {
        "@solana/addresses": "2.0.0-rc.1",
        "@solana/codecs-core": "2.0.0-rc.1",
        "@solana/codecs-strings": "2.0.0-rc.1",
        "@solana/errors": "2.0.0-rc.1",
        "@solana/keys": "2.0.0-rc.1",
        "@solana/rpc-parsed-types": "2.0.0-rc.1",
        "@solana/rpc-spec": "2.0.0-rc.1",
        "@solana/rpc-transformers": "2.0.0-rc.1",
        "@solana/rpc-types": "2.0.0-rc.1",
        "@solana/transaction-messages": "2.0.0-rc.1",
        "@solana/transactions": "2.0.0-rc.1"
      },
      "peerDependencies": {
        "typescript": ">=5"
      }
    },
    "node_modules/@solana/rpc-parsed-types": {
      "version": "2.0.0-rc.1",
      "resolved": "https://registry.npmjs.org/@solana/rpc-parsed-types/-/rpc-parsed-types-2.0.0-rc.1.tgz",
      "integrity": "sha512-5/AYNiZvR9do56VJgmTscRwnd9myt6x9uG7b0S3V+K5e0xzA9yJF68SzI4TQSNmLfWXCaVC90xGCWWkM19lLIQ==",
      "license": "MIT",
      "peerDependencies": {
        "typescript": ">=5"
      }
    },
    "node_modules/@solana/rpc-spec": {
      "version": "2.0.0-rc.1",
      "resolved": "https://registry.npmjs.org/@solana/rpc-spec/-/rpc-spec-2.0.0-rc.1.tgz",
      "integrity": "sha512-E81IoNzLbp24T633klEqlRujd2i/rd8xVkJGt04DL/LGS4/cCWJEhkmOnfljxWafCPUundRXlPtNG3ZmHzEYqA==",
      "license": "MIT",
      "dependencies": {
        "@solana/rpc-spec-types": "2.0.0-rc.1"
      },
      "peerDependencies": {
        "typescript": ">=5"
      }
    },
    "node_modules/@solana/rpc-spec-types": {
      "version": "2.0.0-rc.1",
      "resolved": "https://registry.npmjs.org/@solana/rpc-spec-types/-/rpc-spec-types-2.0.0-rc.1.tgz",
      "integrity": "sha512-Z0gOrzasTYU+kNNnDDG2snZxBoBPMN8oFc0EE9HiDKN9JEsc+asexzKeq+Nea7JVqVFcN5V3bjqrpD86V5EOiQ==",
      "license": "MIT",
      "peerDependencies": {
        "typescript": ">=5"
      }
    },
    "node_modules/@solana/rpc-subscriptions": {
      "version": "2.0.0-rc.1",
      "resolved": "https://registry.npmjs.org/@solana/rpc-subscriptions/-/rpc-subscriptions-2.0.0-rc.1.tgz",
      "integrity": "sha512-gHrVNWEbMi8uDO8BzpJkuDiHMcfD4SrfLRohROnHx0SfSlEGxvIkBjPnwOYIoS7IkWk95e19s7hJoBNn2TX4kw==",
      "license": "MIT",
      "dependencies": {
        "@solana/errors": "2.0.0-rc.1",
        "@solana/fast-stable-stringify": "2.0.0-rc.1",
        "@solana/functional": "2.0.0-rc.1",
        "@solana/promises": "2.0.0-rc.1",
        "@solana/rpc-subscriptions-api": "2.0.0-rc.1",
        "@solana/rpc-subscriptions-spec": "2.0.0-rc.1",
        "@solana/rpc-subscriptions-transport-websocket": "2.0.0-rc.1",
        "@solana/rpc-transformers": "2.0.0-rc.1",
        "@solana/rpc-types": "2.0.0-rc.1"
      },
      "peerDependencies": {
        "typescript": ">=5"
      }
    },
    "node_modules/@solana/rpc-subscriptions-api": {
      "version": "2.0.0-rc.1",
      "resolved": "https://registry.npmjs.org/@solana/rpc-subscriptions-api/-/rpc-subscriptions-api-2.0.0-rc.1.tgz",
      "integrity": "sha512-HmuJmB+RnpYzpiwDWncYFey0lrdFt8KbFvH0JvxEB7NX6V9NgGQIwRY1bfoaeSwX6t93p4nBWr2ckJWLNjXzCw==",
      "license": "MIT",
      "dependencies": {
        "@solana/addresses": "2.0.0-rc.1",
        "@solana/keys": "2.0.0-rc.1",
        "@solana/rpc-subscriptions-spec": "2.0.0-rc.1",
        "@solana/rpc-transformers": "2.0.0-rc.1",
        "@solana/rpc-types": "2.0.0-rc.1",
        "@solana/transaction-messages": "2.0.0-rc.1",
        "@solana/transactions": "2.0.0-rc.1"
      },
      "peerDependencies": {
        "typescript": ">=5"
      }
    },
    "node_modules/@solana/rpc-subscriptions-spec": {
      "version": "2.0.0-rc.1",
      "resolved": "https://registry.npmjs.org/@solana/rpc-subscriptions-spec/-/rpc-subscriptions-spec-2.0.0-rc.1.tgz",
      "integrity": "sha512-eXRVlMr9zw4JlBoJgVhFRxFs3Iaowhtt35ZIMD+OoTqgKniL62iGiZ3hXsuMDToMvQCBd0UfI+ZVdF2gLQdg9A==",
      "license": "MIT",
      "dependencies": {
        "@solana/errors": "2.0.0-rc.1",
        "@solana/rpc-spec-types": "2.0.0-rc.1"
      },
      "peerDependencies": {
        "typescript": ">=5"
      }
    },
    "node_modules/@solana/rpc-subscriptions-transport-websocket": {
      "version": "2.0.0-rc.1",
      "resolved": "https://registry.npmjs.org/@solana/rpc-subscriptions-transport-websocket/-/rpc-subscriptions-transport-websocket-2.0.0-rc.1.tgz",
      "integrity": "sha512-NxheQmG6Ku9gjF3TyGbM8Nxx6fOU3m89LdfH9SQNu6yME6VXKWuT1LaY24T707yDOoKZJsOWabRrQtNfJ+3HZA==",
      "license": "MIT",
      "dependencies": {
        "@solana/errors": "2.0.0-rc.1",
        "@solana/rpc-subscriptions-spec": "2.0.0-rc.1"
      },
      "peerDependencies": {
        "typescript": ">=5",
        "ws": "^8.14.0"
      }
    },
    "node_modules/@solana/rpc-transformers": {
      "version": "2.0.0-rc.1",
      "resolved": "https://registry.npmjs.org/@solana/rpc-transformers/-/rpc-transformers-2.0.0-rc.1.tgz",
      "integrity": "sha512-YM25X4Eeh39UR2AoSrCFn74W99bQk0/DLqyPgZpNBRbszzEifGHqu83NNFwBuPMVc9q7ilf5s6r6pqhWP+5JJw==",
      "license": "MIT",
      "dependencies": {
        "@solana/errors": "2.0.0-rc.1",
        "@solana/functional": "2.0.0-rc.1",
        "@solana/rpc-spec": "2.0.0-rc.1",
        "@solana/rpc-subscriptions-spec": "2.0.0-rc.1",
        "@solana/rpc-types": "2.0.0-rc.1"
      },
      "peerDependencies": {
        "typescript": ">=5"
      }
    },
    "node_modules/@solana/rpc-transport-http": {
      "version": "2.0.0-rc.1",
      "resolved": "https://registry.npmjs.org/@solana/rpc-transport-http/-/rpc-transport-http-2.0.0-rc.1.tgz",
      "integrity": "sha512-Byvn2LnaCgTnEyr78wcgh8SrVHo+L6/l1kXQW05cNAjjbS8d8z4meBUBrXDWHmCsWy7RdnrTcBixPPtE+pUebw==",
      "license": "MIT",
      "dependencies": {
        "@solana/errors": "2.0.0-rc.1",
        "@solana/rpc-spec": "2.0.0-rc.1",
        "undici-types": "^6.19.5"
      },
      "peerDependencies": {
        "typescript": ">=5"
      }
    },
    "node_modules/@solana/rpc-transport-http/node_modules/undici-types": {
      "version": "6.19.8",
      "resolved": "https://registry.npmjs.org/undici-types/-/undici-types-6.19.8.tgz",
      "integrity": "sha512-ve2KP6f/JnbPBFyobGHuerC9g1FYGn/F8n1LWTwNxCEzd6IfqTwUQcNXgEtmmQ6DlRrC1hrSrBnCZPokRrDHjw==",
      "license": "MIT"
    },
    "node_modules/@solana/rpc-types": {
      "version": "2.0.0-rc.1",
      "resolved": "https://registry.npmjs.org/@solana/rpc-types/-/rpc-types-2.0.0-rc.1.tgz",
      "integrity": "sha512-EcGx9VXqA0+uYEdaa1lKTaGBVxLyNL8nkecE4GkqQ+ntRyYlNBPecd4b8siQGSleUQa+Tk/VSPUawSkHqNTLug==",
      "license": "MIT",
      "dependencies": {
        "@solana/addresses": "2.0.0-rc.1",
        "@solana/codecs-core": "2.0.0-rc.1",
        "@solana/codecs-numbers": "2.0.0-rc.1",
        "@solana/codecs-strings": "2.0.0-rc.1",
        "@solana/errors": "2.0.0-rc.1"
      },
      "peerDependencies": {
        "typescript": ">=5"
      }
    },
    "node_modules/@solana/signers": {
      "version": "2.0.0-rc.1",
      "resolved": "https://registry.npmjs.org/@solana/signers/-/signers-2.0.0-rc.1.tgz",
      "integrity": "sha512-dv3oKSF+AIaHKpnSkmzEf+jXVcA3nl015+Mp/WQZYzQJS01dlrmnd4N5DOSn2CaPRJ0TLujHkupxkOFXbe149A==",
      "license": "MIT",
      "dependencies": {
        "@solana/addresses": "2.0.0-rc.1",
        "@solana/codecs-core": "2.0.0-rc.1",
        "@solana/errors": "2.0.0-rc.1",
        "@solana/instructions": "2.0.0-rc.1",
        "@solana/keys": "2.0.0-rc.1",
        "@solana/transaction-messages": "2.0.0-rc.1",
        "@solana/transactions": "2.0.0-rc.1"
      },
      "peerDependencies": {
        "typescript": ">=5"
      }
    },
    "node_modules/@solana/sysvars": {
      "version": "2.0.0-rc.1",
      "resolved": "https://registry.npmjs.org/@solana/sysvars/-/sysvars-2.0.0-rc.1.tgz",
      "integrity": "sha512-nLiuisgbRw7FkJrxPJOBzf0ro7ZCk0gWgMyLQexe9oPoTzdZnWbHI4ldYDmtfdy2dkPBsNTz6sZ6o75HwnGu0A==",
      "license": "MIT",
      "dependencies": {
        "@solana/accounts": "2.0.0-rc.1",
        "@solana/codecs": "2.0.0-rc.1",
        "@solana/errors": "2.0.0-rc.1",
        "@solana/rpc-types": "2.0.0-rc.1"
      },
      "peerDependencies": {
        "typescript": ">=5"
      }
    },
    "node_modules/@solana/transaction-confirmation": {
      "version": "2.0.0-rc.1",
      "resolved": "https://registry.npmjs.org/@solana/transaction-confirmation/-/transaction-confirmation-2.0.0-rc.1.tgz",
      "integrity": "sha512-ES671CZUDLaXV46Vv3Kxd22coSQE4DlE7y0s9ChzQ7t4bLGv6DeHlHXU9kQBtou9koLR25wiDUWtvwNUyzUbHw==",
      "license": "MIT",
      "dependencies": {
        "@solana/addresses": "2.0.0-rc.1",
        "@solana/codecs-strings": "2.0.0-rc.1",
        "@solana/errors": "2.0.0-rc.1",
        "@solana/keys": "2.0.0-rc.1",
        "@solana/promises": "2.0.0-rc.1",
        "@solana/rpc": "2.0.0-rc.1",
        "@solana/rpc-subscriptions": "2.0.0-rc.1",
        "@solana/rpc-types": "2.0.0-rc.1",
        "@solana/transaction-messages": "2.0.0-rc.1",
        "@solana/transactions": "2.0.0-rc.1"
      },
      "peerDependencies": {
        "typescript": ">=5"
      }
    },
    "node_modules/@solana/transaction-messages": {
      "version": "2.0.0-rc.1",
      "resolved": "https://registry.npmjs.org/@solana/transaction-messages/-/transaction-messages-2.0.0-rc.1.tgz",
      "integrity": "sha512-pZTetOtRDwfuK/fyE8FKbtRsLQOTgEIQld3tskB85npUHaEgrnCYzp3nJtMhKOLel3w3f/27VtWLNSrRyyAiew==",
      "license": "MIT",
      "dependencies": {
        "@solana/addresses": "2.0.0-rc.1",
        "@solana/codecs-core": "2.0.0-rc.1",
        "@solana/codecs-data-structures": "2.0.0-rc.1",
        "@solana/codecs-numbers": "2.0.0-rc.1",
        "@solana/errors": "2.0.0-rc.1",
        "@solana/functional": "2.0.0-rc.1",
        "@solana/instructions": "2.0.0-rc.1",
        "@solana/rpc-types": "2.0.0-rc.1"
      },
      "peerDependencies": {
        "typescript": ">=5"
      }
    },
    "node_modules/@solana/transactions": {
      "version": "2.0.0-rc.1",
      "resolved": "https://registry.npmjs.org/@solana/transactions/-/transactions-2.0.0-rc.1.tgz",
      "integrity": "sha512-u9MH2Kk4P0E5rNxATdx/ljR2rp34S9VuC3Jzj9nCMKJ0XwvCD+ddTmIDop5Vs+96Ls9SGj0XaKAJtT+9S7SDpw==",
      "license": "MIT",
      "dependencies": {
        "@solana/addresses": "2.0.0-rc.1",
        "@solana/codecs-core": "2.0.0-rc.1",
        "@solana/codecs-data-structures": "2.0.0-rc.1",
        "@solana/codecs-numbers": "2.0.0-rc.1",
        "@solana/codecs-strings": "2.0.0-rc.1",
        "@solana/errors": "2.0.0-rc.1",
        "@solana/functional": "2.0.0-rc.1",
        "@solana/instructions": "2.0.0-rc.1",
        "@solana/keys": "2.0.0-rc.1",
        "@solana/rpc-types": "2.0.0-rc.1",
        "@solana/transaction-messages": "2.0.0-rc.1"
      },
      "peerDependencies": {
        "typescript": ">=5"
      }
    },
    "node_modules/@solana/web3.js": {
      "version": "2.0.0-rc.1",
      "resolved": "https://registry.npmjs.org/@solana/web3.js/-/web3.js-2.0.0-rc.1.tgz",
      "integrity": "sha512-0fE40ZsJuqSOYOWbt8haHBIbhSfGckxJbwWEK+xRQaWr1sY1+MPUDnBawsLf818g9KRSNnS2Y3+/Sve7A3yfBA==",
      "license": "MIT",
      "dependencies": {
        "@solana/accounts": "2.0.0-rc.1",
        "@solana/addresses": "2.0.0-rc.1",
        "@solana/codecs": "2.0.0-rc.1",
        "@solana/errors": "2.0.0-rc.1",
        "@solana/functional": "2.0.0-rc.1",
        "@solana/instructions": "2.0.0-rc.1",
        "@solana/keys": "2.0.0-rc.1",
        "@solana/programs": "2.0.0-rc.1",
        "@solana/rpc": "2.0.0-rc.1",
        "@solana/rpc-parsed-types": "2.0.0-rc.1",
        "@solana/rpc-subscriptions": "2.0.0-rc.1",
        "@solana/rpc-types": "2.0.0-rc.1",
        "@solana/signers": "2.0.0-rc.1",
        "@solana/sysvars": "2.0.0-rc.1",
        "@solana/transaction-confirmation": "2.0.0-rc.1",
        "@solana/transaction-messages": "2.0.0-rc.1",
        "@solana/transactions": "2.0.0-rc.1"
      },
      "peerDependencies": {
        "typescript": ">=5"
      }
    },
    "node_modules/@types/node": {
      "version": "20.11.16",
      "resolved": "https://registry.npmjs.org/@types/node/-/node-20.11.16.tgz",
      "integrity": "sha512-gKb0enTmRCzXSSUJDq6/sPcqrfCv2mkkG6Jt/clpn5eiCbKTY+SgZUxo+p8ZKMof5dCp9vHQUAB7wOUTod22wQ==",
      "dev": true,
      "license": "MIT",
      "dependencies": {
        "undici-types": "~5.26.4"
      }
    },
    "node_modules/abbrev": {
      "version": "1.1.1",
      "resolved": "https://registry.npmjs.org/abbrev/-/abbrev-1.1.1.tgz",
      "integrity": "sha512-nne9/IiQ/hzIhY6pdDnbBtz7DjPTKrY00P/zvPSm5pOFkl6xuGrGnXn/VtTNNfNtAfZ9/1RtehkszU9qcTii0Q==",
      "dev": true,
      "license": "ISC"
    },
    "node_modules/anymatch": {
      "version": "3.1.3",
      "resolved": "https://registry.npmjs.org/anymatch/-/anymatch-3.1.3.tgz",
      "integrity": "sha512-KMReFUr0B4t+D+OBkjR3KYqvocp2XaSzO55UcB6mgQMd3KbcE+mWTyvVV7D/zsdEbNnV6acZUutkiHQXvTr1Rw==",
      "dev": true,
      "license": "ISC",
      "dependencies": {
        "normalize-path": "^3.0.0",
        "picomatch": "^2.0.4"
      },
      "engines": {
        "node": ">= 8"
      }
    },
    "node_modules/balanced-match": {
      "version": "1.0.2",
      "resolved": "https://registry.npmjs.org/balanced-match/-/balanced-match-1.0.2.tgz",
      "integrity": "sha512-3oSeUO0TMV67hN1AmbXsK4yaqU7tjiHlbxRDZOpH0KW9+CeX4bRAaX0Anxt0tx2MrpRpWwQaPwIlISEJhYU5Pw==",
      "dev": true,
      "license": "MIT"
    },
    "node_modules/binary-extensions": {
      "version": "2.2.0",
      "resolved": "https://registry.npmjs.org/binary-extensions/-/binary-extensions-2.2.0.tgz",
      "integrity": "sha512-jDctJ/IVQbZoJykoeHbhXpOlNBqGNcwXJKJog42E5HDPUwQTSdjCHdihjj0DlnheQ7blbT6dHOafNAiS8ooQKA==",
      "dev": true,
      "license": "MIT",
      "engines": {
        "node": ">=8"
      }
    },
    "node_modules/brace-expansion": {
      "version": "1.1.11",
      "resolved": "https://registry.npmjs.org/brace-expansion/-/brace-expansion-1.1.11.tgz",
      "integrity": "sha512-iCuPHDFgrHX7H2vEI/5xpz07zSHB00TpugqhmYtVmMO6518mCuRMoOYFldEBl0g187ufozdaHgWKcYFb61qGiA==",
      "dev": true,
      "license": "MIT",
      "dependencies": {
        "balanced-match": "^1.0.0",
        "concat-map": "0.0.1"
      }
    },
    "node_modules/braces": {
      "version": "3.0.2",
      "resolved": "https://registry.npmjs.org/braces/-/braces-3.0.2.tgz",
      "integrity": "sha512-b8um+L1RzM3WDSzvhm6gIz1yfTbBt6YTlcEKAvsmqCZZFw46z626lVj9j1yEPW33H5H+lBQpZMP1k8l+78Ha0A==",
      "dev": true,
      "license": "MIT",
      "dependencies": {
        "fill-range": "^7.0.1"
      },
      "engines": {
        "node": ">=8"
      }
    },
    "node_modules/chalk": {
      "version": "5.3.0",
      "resolved": "https://registry.npmjs.org/chalk/-/chalk-5.3.0.tgz",
      "integrity": "sha512-dLitG79d+GV1Nb/VYcCDFivJeK1hiukt9QjRNVOsUtTy1rR1YJsmpGGTZ3qJos+uw7WmWF4wUwBd9jxjocFC2w==",
      "license": "MIT",
      "engines": {
        "node": "^12.17.0 || ^14.13 || >=16.0.0"
      },
      "funding": {
        "url": "https://github.com/chalk/chalk?sponsor=1"
      }
    },
    "node_modules/chokidar": {
      "version": "3.5.3",
      "resolved": "https://registry.npmjs.org/chokidar/-/chokidar-3.5.3.tgz",
      "integrity": "sha512-Dr3sfKRP6oTcjf2JmUmFJfeVMvXBdegxB0iVQ5eb2V10uFJUCAS8OByZdVAyVb8xXNz3GjjTgj9kLWsZTqE6kw==",
      "dev": true,
      "funding": [
        {
          "type": "individual",
          "url": "https://paulmillr.com/funding/"
        }
      ],
      "license": "MIT",
      "dependencies": {
        "anymatch": "~3.1.2",
        "braces": "~3.0.2",
        "glob-parent": "~5.1.2",
        "is-binary-path": "~2.1.0",
        "is-glob": "~4.0.1",
        "normalize-path": "~3.0.0",
        "readdirp": "~3.6.0"
      },
      "engines": {
        "node": ">= 8.10.0"
      },
      "optionalDependencies": {
        "fsevents": "~2.3.2"
      }
    },
    "node_modules/commander": {
      "version": "12.1.0",
      "resolved": "https://registry.npmjs.org/commander/-/commander-12.1.0.tgz",
      "integrity": "sha512-Vw8qHK3bZM9y/P10u3Vib8o/DdkvA2OtPtZvD871QKjy74Wj1WSKFILMPRPSdUSx5RFK1arlJzEtA4PkFgnbuA==",
      "license": "MIT",
      "engines": {
        "node": ">=18"
      }
    },
    "node_modules/concat-map": {
      "version": "0.0.1",
      "resolved": "https://registry.npmjs.org/concat-map/-/concat-map-0.0.1.tgz",
      "integrity": "sha512-/Srv4dswyQNBfohGpz9o6Yb3Gz3SrUDqBH5rTuhGR7ahtlbYKnVxw2bCFMRljaA7EXHaXZ8wsHdodFvbkhKmqg==",
      "dev": true,
      "license": "MIT"
    },
    "node_modules/debug": {
      "version": "4.3.4",
      "resolved": "https://registry.npmjs.org/debug/-/debug-4.3.4.tgz",
      "integrity": "sha512-PRWFHuSU3eDtQJPvnNY7Jcket1j0t5OuOsFzPPzsekD52Zl8qUfFIPEiswXqIvHWGVHOgX+7G/vCNNhehwxfkQ==",
      "dev": true,
      "license": "MIT",
      "dependencies": {
        "ms": "2.1.2"
      },
      "engines": {
        "node": ">=6.0"
      },
      "peerDependenciesMeta": {
        "supports-color": {
          "optional": true
        }
      }
    },
    "node_modules/fastestsmallesttextencoderdecoder": {
      "version": "1.0.22",
      "resolved": "https://registry.npmjs.org/fastestsmallesttextencoderdecoder/-/fastestsmallesttextencoderdecoder-1.0.22.tgz",
      "integrity": "sha512-Pb8d48e+oIuY4MaM64Cd7OW1gt4nxCHs7/ddPPZ/Ic3sg8yVGM7O9wDvZ7us6ScaUupzM+pfBolwtYhN1IxBIw==",
      "license": "CC0-1.0",
      "peer": true
    },
    "node_modules/fill-range": {
      "version": "7.0.1",
      "resolved": "https://registry.npmjs.org/fill-range/-/fill-range-7.0.1.tgz",
      "integrity": "sha512-qOo9F+dMUmC2Lcb4BbVvnKJxTPjCm+RRpe4gDuGrzkL7mEVl/djYSu2OdQ2Pa302N4oqkSg9ir6jaLWJ2USVpQ==",
      "dev": true,
      "license": "MIT",
      "dependencies": {
        "to-regex-range": "^5.0.1"
      },
      "engines": {
        "node": ">=8"
      }
    },
    "node_modules/glob-parent": {
      "version": "5.1.2",
      "resolved": "https://registry.npmjs.org/glob-parent/-/glob-parent-5.1.2.tgz",
      "integrity": "sha512-AOIgSQCepiJYwP3ARnGx+5VnTu2HBYdzbGP45eLw1vr3zB3vZLeyed1sC9hnbcOc9/SrMyM5RPQrkGz4aS9Zow==",
      "dev": true,
      "license": "ISC",
      "dependencies": {
        "is-glob": "^4.0.1"
      },
      "engines": {
        "node": ">= 6"
      }
    },
    "node_modules/has-flag": {
      "version": "3.0.0",
      "resolved": "https://registry.npmjs.org/has-flag/-/has-flag-3.0.0.tgz",
      "integrity": "sha512-sKJf1+ceQBr4SMkvQnBDNDtf4TXpVhVGateu0t918bl30FnbE2m4vNLX+VWe/dpjlb+HugGYzW7uQXH98HPEYw==",
      "dev": true,
      "license": "MIT",
      "engines": {
        "node": ">=4"
      }
    },
    "node_modules/ignore-by-default": {
      "version": "1.0.1",
      "resolved": "https://registry.npmjs.org/ignore-by-default/-/ignore-by-default-1.0.1.tgz",
      "integrity": "sha512-Ius2VYcGNk7T90CppJqcIkS5ooHUZyIQK+ClZfMfMNFEF9VSE73Fq+906u/CWu92x4gzZMWOwfFYckPObzdEbA==",
      "dev": true,
      "license": "ISC"
    },
    "node_modules/is-binary-path": {
      "version": "2.1.0",
      "resolved": "https://registry.npmjs.org/is-binary-path/-/is-binary-path-2.1.0.tgz",
      "integrity": "sha512-ZMERYes6pDydyuGidse7OsHxtbI7WVeUEozgR/g7rd0xUimYNlvZRE/K2MgZTjWy725IfelLeVcEM97mmtRGXw==",
      "dev": true,
      "license": "MIT",
      "dependencies": {
        "binary-extensions": "^2.0.0"
      },
      "engines": {
        "node": ">=8"
      }
    },
    "node_modules/is-extglob": {
      "version": "2.1.1",
      "resolved": "https://registry.npmjs.org/is-extglob/-/is-extglob-2.1.1.tgz",
      "integrity": "sha512-SbKbANkN603Vi4jEZv49LeVJMn4yGwsbzZworEoyEiutsN3nJYdbO36zfhGJ6QEDpOZIFkDtnq5JRxmvl3jsoQ==",
      "dev": true,
      "license": "MIT",
      "engines": {
        "node": ">=0.10.0"
      }
    },
    "node_modules/is-glob": {
      "version": "4.0.3",
      "resolved": "https://registry.npmjs.org/is-glob/-/is-glob-4.0.3.tgz",
      "integrity": "sha512-xelSayHH36ZgE7ZWhli7pW34hNbNl8Ojv5KVmkJD4hBdD3th8Tfk9vYasLM+mXWOZhFkgZfxhLSnrwRr4elSSg==",
      "dev": true,
      "license": "MIT",
      "dependencies": {
        "is-extglob": "^2.1.1"
      },
      "engines": {
        "node": ">=0.10.0"
      }
    },
    "node_modules/is-number": {
      "version": "7.0.0",
      "resolved": "https://registry.npmjs.org/is-number/-/is-number-7.0.0.tgz",
      "integrity": "sha512-41Cifkg6e8TylSpdtTpeLVMqvSBEVzTttHvERD741+pnZ8ANv0004MRL43QKPDlK9cGvNp6NZWZUBlbGXYxxng==",
      "dev": true,
      "license": "MIT",
      "engines": {
        "node": ">=0.12.0"
      }
    },
    "node_modules/lru-cache": {
      "version": "6.0.0",
      "resolved": "https://registry.npmjs.org/lru-cache/-/lru-cache-6.0.0.tgz",
      "integrity": "sha512-Jo6dJ04CmSjuznwJSS3pUeWmd/H0ffTlkXXgwZi+eq1UCmqQwCh+eLsYOYCwY991i2Fah4h1BEMCx4qThGbsiA==",
      "dev": true,
      "license": "ISC",
      "dependencies": {
        "yallist": "^4.0.0"
      },
      "engines": {
        "node": ">=10"
      }
    },
    "node_modules/minimatch": {
      "version": "3.1.2",
      "resolved": "https://registry.npmjs.org/minimatch/-/minimatch-3.1.2.tgz",
      "integrity": "sha512-J7p63hRiAjw1NDEww1W7i37+ByIrOWO5XQQAzZ3VOcL0PNybwpfmV/N05zFAzwQ9USyEcX6t3UO+K5aqBQOIHw==",
      "dev": true,
      "license": "ISC",
      "dependencies": {
        "brace-expansion": "^1.1.7"
      },
      "engines": {
        "node": "*"
      }
    },
    "node_modules/ms": {
      "version": "2.1.2",
      "resolved": "https://registry.npmjs.org/ms/-/ms-2.1.2.tgz",
      "integrity": "sha512-sGkPx+VjMtmA6MX27oA4FBFELFCZZ4S4XqeGOXCv68tT+jb3vk/RyaKWP0PTKyWtmLSM0b+adUTEvbs1PEaH2w==",
      "dev": true,
      "license": "MIT"
    },
    "node_modules/nodemon": {
      "version": "3.0.3",
      "resolved": "https://registry.npmjs.org/nodemon/-/nodemon-3.0.3.tgz",
      "integrity": "sha512-7jH/NXbFPxVaMwmBCC2B9F/V6X1VkEdNgx3iu9jji8WxWcvhMWkmhNWhI5077zknOnZnBzba9hZP6bCPJLSReQ==",
      "dev": true,
      "license": "MIT",
      "dependencies": {
        "chokidar": "^3.5.2",
        "debug": "^4",
        "ignore-by-default": "^1.0.1",
        "minimatch": "^3.1.2",
        "pstree.remy": "^1.1.8",
        "semver": "^7.5.3",
        "simple-update-notifier": "^2.0.0",
        "supports-color": "^5.5.0",
        "touch": "^3.1.0",
        "undefsafe": "^2.0.5"
      },
      "bin": {
        "nodemon": "bin/nodemon.js"
      },
      "engines": {
        "node": ">=10"
      },
      "funding": {
        "type": "opencollective",
        "url": "https://opencollective.com/nodemon"
      }
    },
    "node_modules/nopt": {
      "version": "1.0.10",
      "resolved": "https://registry.npmjs.org/nopt/-/nopt-1.0.10.tgz",
      "integrity": "sha512-NWmpvLSqUrgrAC9HCuxEvb+PSloHpqVu+FqcO4eeF2h5qYRhA7ev6KvelyQAKtegUbC6RypJnlEOhd8vloNKYg==",
      "dev": true,
      "license": "MIT",
      "dependencies": {
        "abbrev": "1"
      },
      "bin": {
        "nopt": "bin/nopt.js"
      }
    },
    "node_modules/normalize-path": {
      "version": "3.0.0",
      "resolved": "https://registry.npmjs.org/normalize-path/-/normalize-path-3.0.0.tgz",
      "integrity": "sha512-6eZs5Ls3WtCisHWp9S2GUy8dqkpGi4BVSz3GaqiE6ezub0512ESztXUwUB6C6IKbQkY2Pnb/mD4WYojCRwcwLA==",
      "dev": true,
      "license": "MIT",
      "engines": {
        "node": ">=0.10.0"
      }
    },
    "node_modules/picomatch": {
      "version": "2.3.1",
      "resolved": "https://registry.npmjs.org/picomatch/-/picomatch-2.3.1.tgz",
      "integrity": "sha512-JU3teHTNjmE2VCGFzuY8EXzCDVwEqB2a8fsIvwaStHhAWJEeVd1o1QD80CU6+ZdEXXSLbSsuLwJjkCBWqRQUVA==",
      "dev": true,
      "license": "MIT",
      "engines": {
        "node": ">=8.6"
      },
      "funding": {
        "url": "https://github.com/sponsors/jonschlinkert"
      }
    },
    "node_modules/pstree.remy": {
      "version": "1.1.8",
      "resolved": "https://registry.npmjs.org/pstree.remy/-/pstree.remy-1.1.8.tgz",
      "integrity": "sha512-77DZwxQmxKnu3aR542U+X8FypNzbfJ+C5XQDk3uWjWxn6151aIMGthWYRXTqT1E5oJvg+ljaa2OJi+VfvCOQ8w==",
      "dev": true,
      "license": "MIT"
    },
    "node_modules/readdirp": {
      "version": "3.6.0",
      "resolved": "https://registry.npmjs.org/readdirp/-/readdirp-3.6.0.tgz",
      "integrity": "sha512-hOS089on8RduqdbhvQ5Z37A0ESjsqz6qnRcffsMU3495FuTdqSm+7bhJ29JvIOsBDEEnan5DPu9t3To9VRlMzA==",
      "dev": true,
      "license": "MIT",
      "dependencies": {
        "picomatch": "^2.2.1"
      },
      "engines": {
        "node": ">=8.10.0"
      }
    },
    "node_modules/semver": {
      "version": "7.5.4",
      "resolved": "https://registry.npmjs.org/semver/-/semver-7.5.4.tgz",
      "integrity": "sha512-1bCSESV6Pv+i21Hvpxp3Dx+pSD8lIPt8uVjRrxAUt/nbswYc+tK6Y2btiULjd4+fnq15PX+nqQDC7Oft7WkwcA==",
      "dev": true,
      "license": "ISC",
      "dependencies": {
        "lru-cache": "^6.0.0"
      },
      "bin": {
        "semver": "bin/semver.js"
      },
      "engines": {
        "node": ">=10"
      }
    },
    "node_modules/simple-update-notifier": {
      "version": "2.0.0",
      "resolved": "https://registry.npmjs.org/simple-update-notifier/-/simple-update-notifier-2.0.0.tgz",
      "integrity": "sha512-a2B9Y0KlNXl9u/vsW6sTIu9vGEpfKu2wRV6l1H3XEas/0gUIzGzBoP/IouTcUQbm9JWZLH3COxyn03TYlFax6w==",
      "dev": true,
      "license": "MIT",
      "dependencies": {
        "semver": "^7.5.3"
      },
      "engines": {
        "node": ">=10"
      }
    },
    "node_modules/supports-color": {
      "version": "5.5.0",
      "resolved": "https://registry.npmjs.org/supports-color/-/supports-color-5.5.0.tgz",
      "integrity": "sha512-QjVjwdXIt408MIiAqCX4oUKsgU2EqAGzs2Ppkm4aQYbjm+ZEWEcW4SfFNTr4uMNZma0ey4f5lgLrkB0aX0QMow==",
      "dev": true,
      "license": "MIT",
      "dependencies": {
        "has-flag": "^3.0.0"
      },
      "engines": {
        "node": ">=4"
      }
    },
    "node_modules/to-regex-range": {
      "version": "5.0.1",
      "resolved": "https://registry.npmjs.org/to-regex-range/-/to-regex-range-5.0.1.tgz",
      "integrity": "sha512-65P7iz6X5yEr1cwcgvQxbbIw7Uk3gOy5dIdtZ4rDveLqhrdJP+Li/Hx6tyK0NEb+2GCyneCMJiGqrADCSNk8sQ==",
      "dev": true,
      "license": "MIT",
      "dependencies": {
        "is-number": "^7.0.0"
      },
      "engines": {
        "node": ">=8.0"
      }
    },
    "node_modules/touch": {
      "version": "3.1.0",
      "resolved": "https://registry.npmjs.org/touch/-/touch-3.1.0.tgz",
      "integrity": "sha512-WBx8Uy5TLtOSRtIq+M03/sKDrXCLHxwDcquSP2c43Le03/9serjQBIztjRz6FkJez9D/hleyAXTBGLwwZUw9lA==",
      "dev": true,
      "license": "ISC",
      "dependencies": {
        "nopt": "~1.0.10"
      },
      "bin": {
        "nodetouch": "bin/nodetouch.js"
      }
    },
    "node_modules/typescript": {
      "version": "5.6.2",
      "resolved": "https://registry.npmjs.org/typescript/-/typescript-5.6.2.tgz",
      "integrity": "sha512-NW8ByodCSNCwZeghjN3o+JX5OFH0Ojg6sadjEKY4huZ52TqbJTJnDo5+Tw98lSy63NZvi4n+ez5m2u5d4PkZyw==",
      "bin": {
        "tsc": "bin/tsc",
        "tsserver": "bin/tsserver"
      },
      "engines": {
        "node": ">=14.17"
      }
    },
    "node_modules/undefsafe": {
      "version": "2.0.5",
      "resolved": "https://registry.npmjs.org/undefsafe/-/undefsafe-2.0.5.tgz",
      "integrity": "sha512-WxONCrssBM8TSPRqN5EmsjVrsv4A8X12J4ArBiiayv3DyyG3ZlIg6yysuuSYdZsVz3TKcTg2fd//Ujd4CHV1iA==",
      "dev": true,
      "license": "MIT"
    },
    "node_modules/undici-types": {
      "version": "5.26.5",
      "resolved": "https://registry.npmjs.org/undici-types/-/undici-types-5.26.5.tgz",
      "integrity": "sha512-JlCMO+ehdEIKqlFxk6IfVoAUVmgz7cU7zD/h9XZ0qzeosSHmUJVOzSQvvYSYWXkFXC+IfLKSIffhv0sVZup6pA==",
      "dev": true,
      "license": "MIT"
    },
    "node_modules/ws": {
      "version": "8.18.0",
      "resolved": "https://registry.npmjs.org/ws/-/ws-8.18.0.tgz",
      "integrity": "sha512-8VbfWfHLbbwu3+N6OKsOMpBdT4kXPDDB9cJk2bJ6mh9ucxdlnNvH1e+roYkKmN9Nxw2yjz7VzeO9oOz2zJ04Pw==",
      "license": "MIT",
      "peer": true,
      "engines": {
        "node": ">=10.0.0"
      },
      "peerDependencies": {
        "bufferutil": "^4.0.1",
        "utf-8-validate": ">=5.0.2"
      },
      "peerDependenciesMeta": {
        "bufferutil": {
          "optional": true
        },
        "utf-8-validate": {
          "optional": true
        }
      }
    },
    "node_modules/yallist": {
      "version": "4.0.0",
      "resolved": "https://registry.npmjs.org/yallist/-/yallist-4.0.0.tgz",
      "integrity": "sha512-3wdGidZyq5PB084XLES5TpOSRA3wjXAlIWMhum2kRcv/41Sn2emQ0dycQW4uZXLejwKvg6EsvbdlVL+FYEct7A==",
      "dev": true,
      "license": "ISC"
    }
  }
}
